# THIS IS AN AUTOGENERATED FILE. DO NOT EDIT THIS FILE DIRECTLY.
# yarn lockfile v1


dotenv@^10.0.0:
  version "10.0.0"
  resolved "https://registry.yarnpkg.com/dotenv/-/dotenv-10.0.0.tgz#3d4227b8fb95f81096cdd2b66653fb2c7085ba81"
  integrity sha512-rlBi9d8jpv9Sf1klPjNfFAuWDjKLwTIJJ/VxtoTwIR6hnZxcEOQCZg2oIL3MWBYw5GpUDKOEnND7LXTbIpQ03Q==

env@^0.0.2:
  version "0.0.2"
  resolved "https://registry.yarnpkg.com/env/-/env-0.0.2.tgz#50c19f307b129a45845b6b686df5b39dd40d1cf0"
  integrity sha1-UMGfMHsSmkWEW2tobfWzndQNHPA=

steamapi@^2.2.0:
  version "2.2.0"
  resolved "https://registry.yarnpkg.com/steamapi/-/steamapi-2.2.0.tgz#e82682b94de773f42e92a59ae82f312abed50041"
  integrity sha512-2UWklLzYQruuUC0a5AUgll1dU91/CWgiAhm/7y+rqc43kbBWereGTtmwo8wr6imjC64iV5893KChXghW0zK8Gg==
  dependencies:
    steamid "^2.0.0"

steamid@^2.0.0:
  version "2.0.0"
  resolved "https://registry.yarnpkg.com/steamid/-/steamid-2.0.0.tgz#6d4a51feb80638c1fe4793be77aa972996f4ad75"
  integrity sha512-+BFJMbo+IxzyfovLR37E7APkaNfmrL3S+88T7wTMRHnQ6LBhzEawPnjfWNKM9eUL/dH45j+7vhSX4WaGXoa4/Q==
